// !$*UTF8*$!
{
	archiveVersion = 1;
	classes = {
	};
	objectVersion = 50;
	objects = {

/* Begin PBXBuildFile section */
		28426F712553D13900627647 /* AppDelegate.swift in Sources */ = {isa = PBXBuildFile; fileRef = 28426F702553D13900627647 /* AppDelegate.swift */; };
		28426F732553D13900627647 /* SceneDelegate.swift in Sources */ = {isa = PBXBuildFile; fileRef = 28426F722553D13900627647 /* SceneDelegate.swift */; };
		28426F752553D13900627647 /* ViewController.swift in Sources */ = {isa = PBXBuildFile; fileRef = 28426F742553D13900627647 /* ViewController.swift */; };
		28426F782553D13900627647 /* Main.storyboard in Resources */ = {isa = PBXBuildFile; fileRef = 28426F762553D13900627647 /* Main.storyboard */; };
		28426F7B2553D13900627647 /* ProfileCreator.xcdatamodeld in Sources */ = {isa = PBXBuildFile; fileRef = 28426F792553D13900627647 /* ProfileCreator.xcdatamodeld */; };
		28426F7D2553D13900627647 /* Assets.xcassets in Resources */ = {isa = PBXBuildFile; fileRef = 28426F7C2553D13900627647 /* Assets.xcassets */; };
		28426F802553D13900627647 /* LaunchScreen.storyboard in Resources */ = {isa = PBXBuildFile; fileRef = 28426F7E2553D13900627647 /* LaunchScreen.storyboard */; };
/* End PBXBuildFile section */

/* Begin PBXFileReference section */
		28426F6D2553D13900627647 /* ProfileCreator.app */ = {isa = PBXFileReference; explicitFileType = wrapper.application; includeInIndex = 0; path = ProfileCreator.app; sourceTree = BUILT_PRODUCTS_DIR; };
		28426F702553D13900627647 /* AppDelegate.swift */ = {isa = PBXFileReference; lastKnownFileType = sourcecode.swift; path = AppDelegate.swift; sourceTree = "<group>"; };
		28426F722553D13900627647 /* SceneDelegate.swift */ = {isa = PBXFileReference; lastKnownFileType = sourcecode.swift; path = SceneDelegate.swift; sourceTree = "<group>"; };
		28426F742553D13900627647 /* ViewController.swift */ = {isa = PBXFileReference; lastKnownFileType = sourcecode.swift; path = ViewController.swift; sourceTree = "<group>"; };
		28426F772553D13900627647 /* Base */ = {isa = PBXFileReference; lastKnownFileType = file.storyboard; name = Base; path = Base.lproj/Main.storyboard; sourceTree = "<group>"; };
		28426F7A2553D13900627647 /* ProfileCreator.xcdatamodel */ = {isa = PBXFileReference; lastKnownFileType = wrapper.xcdatamodel; path = ProfileCreator.xcdatamodel; sourceTree = "<group>"; };
		28426F7C2553D13900627647 /* Assets.xcassets */ = {isa = PBXFileReference; lastKnownFileType = folder.assetcatalog; path = Assets.xcassets; sourceTree = "<group>"; };
		28426F7F2553D13900627647 /* Base */ = {isa = PBXFileReference; lastKnownFileType = file.storyboard; name = Base; path = Base.lproj/LaunchScreen.storyboard; sourceTree = "<group>"; };
		28426F812553D13900627647 /* Info.plist */ = {isa = PBXFileReference; lastKnownFileType = text.plist.xml; path = Info.plist; sourceTree = "<group>"; };
/* End PBXFileReference section */

/* Begin PBXFrameworksBuildPhase section */
		28426F6A2553D13900627647 /* Frameworks */ = {
			isa = PBXFrameworksBuildPhase;
			buildActionMask = 2147483647;
			files = (
			);
			runOnlyForDeploymentPostprocessing = 0;
		};
/* End PBXFrameworksBuildPhase section */

/* Begin PBXGroup section */
		28426F642553D13900627647 = {
			isa = PBXGroup;
			children = (
				28426F6F2553D13900627647 /* ProfileCreator */,
				28426F6E2553D13900627647 /* Products */,
			);
			sourceTree = "<group>";
		};
		28426F6E2553D13900627647 /* Products */ = {
			isa = PBXGroup;
			children = (
				28426F6D2553D13900627647 /* ProfileCreator.app */,
			);
			name = Products;
			sourceTree = "<group>";
		};
		28426F6F2553D13900627647 /* ProfileCreator */ = {
			isa = PBXGroup;
			children = (
				28426F702553D13900627647 /* AppDelegate.swift */,
				28426F722553D13900627647 /* SceneDelegate.swift */,
				28426F742553D13900627647 /* ViewController.swift */,
				28426F762553D13900627647 /* Main.storyboard */,
				28426F7C2553D13900627647 /* Assets.xcassets */,
				28426F7E2553D13900627647 /* LaunchScreen.storyboard */,
				28426F812553D13900627647 /* Info.plist */,
				28426F792553D13900627647 /* ProfileCreator.xcdatamodeld */,
			);
			path = ProfileCreator;
			sourceTree = "<group>";
		};
/* End PBXGroup section */

/* Begin PBXNativeTarget section */
		28426F6C2553D13900627647 /* ProfileCreator */ = {
			isa = PBXNativeTarget;
			buildConfigurationList = 28426F842553D13900627647 /* Build configuration list for PBXNativeTarget "ProfileCreator" */;
			buildPhases = (
				28426F692553D13900627647 /* Sources */,
				28426F6A2553D13900627647 /* Frameworks */,
				28426F6B2553D13900627647 /* Resources */,
			);
			buildRules = (
			);
			dependencies = (
			);
			name = ProfileCreator;
			productName = ProfileCreator;
			productReference = 28426F6D2553D13900627647 /* ProfileCreator.app */;
			productType = "com.apple.product-type.application";
		};
/* End PBXNativeTarget section */

/* Begin PBXProject section */
		28426F652553D13900627647 /* Project object */ = {
			isa = PBXProject;
			attributes = {
				LastSwiftUpdateCheck = 1210;
				LastUpgradeCheck = 1210;
				TargetAttributes = {
					28426F6C2553D13900627647 = {
						CreatedOnToolsVersion = 12.1;
					};
				};
			};
			buildConfigurationList = 28426F682553D13900627647 /* Build configuration list for PBXProject "ProfileCreator" */;
			compatibilityVersion = "Xcode 9.3";
			developmentRegion = en;
			hasScannedForEncodings = 0;
			knownRegions = (
				en,
				Base,
			);
			mainGroup = 28426F642553D13900627647;
			productRefGroup = 28426F6E2553D13900627647 /* Products */;
			projectDirPath = "";
			projectRoot = "";
			targets = (
				28426F6C2553D13900627647 /* ProfileCreator */,
			);
		};
/* End PBXProject section */

/* Begin PBXResourcesBuildPhase section */
		28426F6B2553D13900627647 /* Resources */ = {
			isa = PBXResourcesBuildPhase;
			buildActionMask = 2147483647;
			files = (
				28426F802553D13900627647 /* LaunchScreen.storyboard in Resources */,
				28426F7D2553D13900627647 /* Assets.xcassets in Resources */,
				28426F782553D13900627647 /* Main.storyboard in Resources */,
			);
			runOnlyForDeploymentPostprocessing = 0;
		};
/* End PBXResourcesBuildPhase section */

/* Begin PBXSourcesBuildPhase section */
		28426F692553D13900627647 /* Sources */ = {
			isa = PBXSourcesBuildPhase;
			buildActionMask = 2147483647;
			files = (
				28426F7B2553D13900627647 /* ProfileCreator.xcdatamodeld in Sources */,
				28426F752553D13900627647 /* ViewController.swift in Sources */,
				28426F712553D13900627647 /* AppDelegate.swift in Sources */,
				28426F732553D13900627647 /* SceneDelegate.swift in Sources */,
			);
			runOnlyForDeploymentPostprocessing = 0;
		};
/* End PBXSourcesBuildPhase section */

/* Begin PBXVariantGroup section */
		28426F762553D13900627647 /* Main.storyboard */ = {
			isa = PBXVariantGroup;
			children = (
				28426F772553D13900627647 /* Base */,
			);
			name = Main.storyboard;
			sourceTree = "<group>";
		};
		28426F7E2553D13900627647 /* LaunchScreen.storyboard */ = {
			isa = PBXVariantGroup;
			children = (
				28426F7F2553D13900627647 /* Base */,
			);
			name = LaunchScreen.storyboard;
			sourceTree = "<group>";
		};
/* End PBXVariantGroup section */

/* Begin XCBuildConfiguration section */
		28426F822553D13900627647 /* Debug */ = {
			isa = XCBuildConfiguration;
			buildSettings = {
				ALWAYS_SEARCH_USER_PATHS = NO;
				CLANG_ANALYZER_NONNULL = YES;
				CLANG_ANALYZER_NUMBER_OBJECT_CONVERSION = YES_AGGRESSIVE;
				CLANG_CXX_LANGUAGE_STANDARD = "gnu++14";
				CLANG_CXX_LIBRARY = "libc++";
				CLANG_ENABLE_MODULES = YES;
				CLANG_ENABLE_OBJC_ARC = YES;
				CLANG_ENABLE_OBJC_WEAK = YES;
				CLANG_WARN_BLOCK_CAPTURE_AUTORELEASING = YES;
				CLANG_WARN_BOOL_CONVERSION = YES;
				CLANG_WARN_COMMA = YES;
				CLANG_WARN_CONSTANT_CONVERSION = YES;
				CLANG_WARN_DEPRECATED_OBJC_IMPLEMENTATIONS = YES;
				CLANG_WARN_DIRECT_OBJC_ISA_USAGE = YES_ERROR;
				CLANG_WARN_DOCUMENTATION_COMMENTS = YES;
				CLANG_WARN_EMPTY_BODY = YES;
				CLANG_WARN_ENUM_CONVERSION = YES;
				CLANG_WARN_INFINITE_RECURSION = YES;
				CLANG_WARN_INT_CONVERSION = YES;
				CLANG_WARN_NON_LITERAL_NULL_CONVERSION = YES;
				CLANG_WARN_OBJC_IMPLICIT_RETAIN_SELF = YES;
				CLANG_WARN_OBJC_LITERAL_CONVERSION = YES;
				CLANG_WARN_OBJC_ROOT_CLASS = YES_ERROR;
				CLANG_WARN_QUOTED_INCLUDE_IN_FRAMEWORK_HEADER = YES;
				CLANG_WARN_RANGE_LOOP_ANALYSIS = YES;
				CLANG_WARN_STRICT_PROTOTYPES = YES;
				CLANG_WARN_SUSPICIOUS_MOVE = YES;
				CLANG_WARN_UNGUARDED_AVAILABILITY = YES_AGGRESSIVE;
				CLANG_WARN_UNREACHABLE_CODE = YES;
				CLANG_WARN__DUPLICATE_METHOD_MATCH = YES;
				COPY_PHASE_STRIP = NO;
				DEBUG_INFORMATION_FORMAT = dwarf;
				ENABLE_STRICT_OBJC_MSGSEND = YES;
				ENABLE_TESTABILITY = YES;
				GCC_C_LANGUAGE_STANDARD = gnu11;
				GCC_DYNAMIC_NO_PIC = NO;
				GCC_NO_COMMON_BLOCKS = YES;
				GCC_OPTIMIZATION_LEVEL = 0;
				GCC_PREPROCESSOR_DEFINITIONS = (
					"DEBUG=1",
					"$(inherited)",
				);
				GCC_WARN_64_TO_32_BIT_CONVERSION = YES;
				GCC_WARN_ABOUT_RETURN_TYPE = YES_ERROR;
				GCC_WARN_UNDECLARED_SELECTOR = YES;
				GCC_WARN_UNINITIALIZED_AUTOS = YES_AGGRESSIVE;
				GCC_WARN_UNUSED_FUNCTION = YES;
				GCC_WARN_UNUSED_VARIABLE = YES;
				IPHONEOS_DEPLOYMENT_TARGET = 14.1;
				MTL_ENABLE_DEBUG_INFO = INCLUDE_SOURCE;
				MTL_FAST_MATH = YES;
				ONLY_ACTIVE_ARCH = YES;
				SDKROOT = iphoneos;
				SWIFT_ACTIVE_COMPILATION_CONDITIONS = DEBUG;
				SWIFT_OPTIMIZATION_LEVEL = "-Onone";
			};
			name = Debug;
		};
		28426F832553D13900627647 /* Release */ = {
			isa = XCBuildConfiguration;
			buildSettings = {
				ALWAYS_SEARCH_USER_PATHS = NO;
				CLANG_ANALYZER_NONNULL = YES;
				CLANG_ANALYZER_NUMBER_OBJECT_CONVERSION = YES_AGGRESSIVE;
				CLANG_CXX_LANGUAGE_STANDARD = "gnu++14";
				CLANG_CXX_LIBRARY = "libc++";
				CLANG_ENABLE_MODULES = YES;
				CLANG_ENABLE_OBJC_ARC = YES;
				CLANG_ENABLE_OBJC_WEAK = YES;
				CLANG_WARN_BLOCK_CAPTURE_AUTORELEASING = YES;
				CLANG_WARN_BOOL_CONVERSION = YES;
				CLANG_WARN_COMMA = YES;
				CLANG_WARN_CONSTANT_CONVERSION = YES;
				CLANG_WARN_DEPRECATED_OBJC_IMPLEMENTATIONS = YES;
				CLANG_WARN_DIRECT_OBJC_ISA_USAGE = YES_ERROR;
				CLANG_WARN_DOCUMENTATION_COMMENTS = YES;
				CLANG_WARN_EMPTY_BODY = YES;
				CLANG_WARN_ENUM_CONVERSION = YES;
				CLANG_WARN_INFINITE_RECURSION = YES;
				CLANG_WARN_INT_CONVERSION = YES;
				CLANG_WARN_NON_LITERAL_NULL_CONVERSION = YES;
				CLANG_WARN_OBJC_IMPLICIT_RETAIN_SELF = YES;
				CLANG_WARN_OBJC_LITERAL_CONVERSION = YES;
				CLANG_WARN_OBJC_ROOT_CLASS = YES_ERROR;
				CLANG_WARN_QUOTED_INCLUDE_IN_FRAMEWORK_HEADER = YES;
				CLANG_WARN_RANGE_LOOP_ANALYSIS = YES;
				CLANG_WARN_STRICT_PROTOTYPES = YES;
				CLANG_WARN_SUSPICIOUS_MOVE = YES;
				CLANG_WARN_UNGUARDED_AVAILABILITY = YES_AGGRESSIVE;
				CLANG_WARN_UNREACHABLE_CODE = YES;
				CLANG_WARN__DUPLICATE_METHOD_MATCH = YES;
				COPY_PHASE_STRIP = NO;
				DEBUG_INFORMATION_FORMAT = "dwarf-with-dsym";
				ENABLE_NS_ASSERTIONS = NO;
				ENABLE_STRICT_OBJC_MSGSEND = YES;
				GCC_C_LANGUAGE_STANDARD = gnu11;
				GCC_NO_COMMON_BLOCKS = YES;
				GCC_WARN_64_TO_32_BIT_CONVERSION = YES;
				GCC_WARN_ABOUT_RETURN_TYPE = YES_ERROR;
				GCC_WARN_UNDECLARED_SELECTOR = YES;
				GCC_WARN_UNINITIALIZED_AUTOS = YES_AGGRESSIVE;
				GCC_WARN_UNUSED_FUNCTION = YES;
				GCC_WARN_UNUSED_VARIABLE = YES;
				IPHONEOS_DEPLOYMENT_TARGET = 14.1;
				MTL_ENABLE_DEBUG_INFO = NO;
				MTL_FAST_MATH = YES;
				SDKROOT = iphoneos;
				SWIFT_COMPILATION_MODE = wholemodule;
				SWIFT_OPTIMIZATION_LEVEL = "-O";
				VALIDATE_PRODUCT = YES;
			};
			name = Release;
		};
		28426F852553D13900627647 /* Debug */ = {
			isa = XCBuildConfiguration;
			buildSettings = {
				ASSETCATALOG_COMPILER_APPICON_NAME = AppIcon;
				ASSETCATALOG_COMPILER_GLOBAL_ACCENT_COLOR_NAME = AccentColor;
				CODE_SIGN_STYLE = Automatic;
				DEVELOPMENT_TEAM = TNYU55F3U9;
				INFOPLIST_FILE = ProfileCreator/Info.plist;
				LD_RUNPATH_SEARCH_PATHS = (
					"$(inherited)",
					"@executable_path/Frameworks",
				);
				PRODUCT_BUNDLE_IDENTIFIER = "com.appnap.-ProfileCreator.SohagDev.ProfileCreator";
				PRODUCT_NAME = "$(TARGET_NAME)";
				SWIFT_VERSION = 5.0;
				TARGETED_DEVICE_FAMILY = "1,2";
			};
			name = Debug;
		};
		28426F862553D13900627647 /* Release */ = {
			isa = XCBuildConfiguration;
			buildSettings = {
				ASSETCATALOG_COMPILER_APPICON_NAME = AppIcon;
				ASSETCATALOG_COMPILER_GLOBAL_ACCENT_COLOR_NAME = AccentColor;
				CODE_SIGN_STYLE = Automatic;
				DEVELOPMENT_TEAM = TNYU55F3U9;
				INFOPLIST_FILE = ProfileCreator/Info.plist;
				LD_RUNPATH_SEARCH_PATHS = (
					"$(inherited)",
					"@executable_path/Frameworks",
				);
				PRODUCT_BUNDLE_IDENTIFIER = "com.appnap.-ProfileCreator.SohagDev.ProfileCreator";
				PRODUCT_NAME = "$(TARGET_NAME)";
				SWIFT_VERSION = 5.0;
				TARGETED_DEVICE_FAMILY = "1,2";
			};
			name = Release;
		};
/* End XCBuildConfiguration section */

/* Begin XCConfigurationList section */
		28426F682553D13900627647 /* Build configuration list for PBXProject "ProfileCreator" */ = {
			isa = XCConfigurationList;
			buildConfigurations = (
				28426F822553D13900627647 /* Debug */,
				28426F832553D13900627647 /* Release */,
			);
			defaultConfigurationIsVisible = 0;
			defaultConfigurationName = Release;
		};
		28426F842553D13900627647 /* Build configuration list for PBXNativeTarget "ProfileCreator" */ = {
			isa = XCConfigurationList;
			buildConfigurations = (
				28426F852553D13900627647 /* Debug */,
				28426F862553D13900627647 /* Release */,
			);
			defaultConfigurationIsVisible = 0;
			defaultConfigurationName = Release;
		};
/* End XCConfigurationList section */

/* Begin XCVersionGroup section */
		28426F792553D13900627647 /* ProfileCreator.xcdatamodeld */ = {
			isa = XCVersionGroup;
			children = (
				28426F7A2553D13900627647 /* ProfileCreator.xcdatamodel */,
			);
			currentVersion = 28426F7A2553D13900627647 /* ProfileCreator.xcdatamodel */;
			path = ProfileCreator.xcdatamodeld;
			sourceTree = "<group>";
			versionGroupType = wrapper.xcdatamodel;
		};
/* End XCVersionGroup section */
	};
	rootObject = 28426F652553D13900627647 /* Project object */;
}
